PODS:
  - FrameworkA_Objc_DependencyIssue (0.1.0)

DEPENDENCIES:
  - FrameworkA_Objc_DependencyIssue (from `../`)

EXTERNAL SOURCES:
  FrameworkA_Objc_DependencyIssue:
    :path: "../"

SPEC CHECKSUMS:
  FrameworkA_Objc_DependencyIssue: a75e59852d3a8a1d5f643bc3addfbb9bfc41e801

PODFILE CHECKSUM: 589d73eb7ecce79281efcb78758bcfe75dfa693d

COCOAPODS: 1.10.0.rc.1
